PODS:
  - CGMathSwift (0.1.0)
  - Nimble (3.2.0)
  - Quick (0.9.2)

DEPENDENCIES:
  - CGMathSwift (from `../`)
  - Nimble (~> 3.0)
  - Quick (~> 0.8)

EXTERNAL SOURCES:
  CGMathSwift:
    :path: ../

SPEC CHECKSUMS:
  CGMathSwift: 75b2d9b18905f8aaf31664c9898c0631d12da5bc
  Nimble: 703854335d181df169bbca9c97117b5cf8c47c1d
  Quick: 18d057bc66451eedd5d1c8dc99ba2a5db6e60226

PODFILE CHECKSUM: 4f41f87698d8e581ad6d8755a86d20a7f0337993

COCOAPODS: 1.0.1
